
Microsoft Visual Studio Solution File, Format Version 12.00
# Visual Studio Version 17
VisualStudioVersion = 17.5.33414.496
MinimumVisualStudioVersion = 10.0.40219.1
Project("{FAE04EC0-301F-11D3-BF4B-00C04F79EFBC}") = "calcolo età", "calcolo età\calcolo età.csproj", "{13FC916E-F49B-4751-9B6D-F06F453E39AD}"
EndProject
Global
	GlobalSection(SolutionConfigurationPlatforms) = preSolution
		Debug|Any CPU = Debug|Any CPU
		Release|Any CPU = Release|Any CPU
	EndGlobalSection
	GlobalSection(ProjectConfigurationPlatforms) = postSolution
		{13FC916E-F49B-4751-9B6D-F06F453E39AD}.Debug|Any CPU.ActiveCfg = Debug|Any CPU
		{13FC916E-F49B-4751-9B6D-F06F453E39AD}.Debug|Any CPU.Build.0 = Debug|Any CPU
		{13FC916E-F49B-4751-9B6D-F06F453E39AD}.Release|Any CPU.ActiveCfg = Release|Any CPU
		{13FC916E-F49B-4751-9B6D-F06F453E39AD}.Release|Any CPU.Build.0 = Release|Any CPU
	EndGlobalSection
	GlobalSection(SolutionProperties) = preSolution
		HideSolutionNode = FALSE
	EndGlobalSection
	GlobalSection(ExtensibilityGlobals) = postSolution
		SolutionGuid = {9BF34DF1-E000-40D1-8767-C861074FEA32}
	EndGlobalSection
EndGlobal
